
Microsoft Visual Studio Solution File, Format Version 12.00
# Visual Studio Version 16
VisualStudioVersion = 16.0.31205.134
MinimumVisualStudioVersion = 10.0.40219.1
Project("{FAE04EC0-301F-11D3-BF4B-00C04F79EFBC}") = "SerialComunicatorWPF", "SerialComunicatorWPF\SerialComunicatorWPF.csproj", "{EFDC3569-5A61-4A4B-AC2D-9A1AFC11CA97}"
EndProject
Global
	GlobalSection(SolutionConfigurationPlatforms) = preSolution
		Debug|Any CPU = Debug|Any CPU
		Release|Any CPU = Release|Any CPU
	EndGlobalSection
	GlobalSection(ProjectConfigurationPlatforms) = postSolution
		{EFDC3569-5A61-4A4B-AC2D-9A1AFC11CA97}.Debug|Any CPU.ActiveCfg = Debug|Any CPU
		{EFDC3569-5A61-4A4B-AC2D-9A1AFC11CA97}.Debug|Any CPU.Build.0 = Debug|Any CPU
		{EFDC3569-5A61-4A4B-AC2D-9A1AFC11CA97}.Release|Any CPU.ActiveCfg = Release|Any CPU
		{EFDC3569-5A61-4A4B-AC2D-9A1AFC11CA97}.Release|Any CPU.Build.0 = Release|Any CPU
	EndGlobalSection
	GlobalSection(SolutionProperties) = preSolution
		HideSolutionNode = FALSE
	EndGlobalSection
	GlobalSection(ExtensibilityGlobals) = postSolution
		SolutionGuid = {A135AAE8-9826-42F1-A930-1A467DF2500D}
	EndGlobalSection
EndGlobal
